Microsoft Visual Studio Solution File, Format Version 12.00
# Visual Studio Version 17
VisualStudioVersion = 17.2.32602.215
MinimumVisualStudioVersion = 10.0.40219.1
Project("{2150E333-8FDC-42A3-9474-1A3956D46DE8}") = "Src", "Src", "{211C7C28-03AD-4719-936C-17001F255C66}"
EndProject
Project("{2150E333-8FDC-42A3-9474-1A3956D46DE8}") = "ApiGateways", "ApiGateways", "{C9A8E369-4952-40A1-BCFC-5A6CC515BB8E}"
EndProject
Project("{2150E333-8FDC-42A3-9474-1A3956D46DE8}") = "Services", "Services", "{97798089-4EA3-4EC4-80FE-E4C60DFCD50C}"
EndProject
Project("{2150E333-8FDC-42A3-9474-1A3956D46DE8}") = "BuildingBlocks", "BuildingBlocks", "{976A9205-4FB9-41A9-847E-52B69C13DBB9}"
EndProject
Project("{9A19103F-16F7-4668-BE54-9A1E7A4F7556}") = "InamGateway.Api", "Src\ApiGateways\InamGateway.Api\InamGateway.Api.csproj", "{CBB6CF45-E82A-48DF-884E-D3539F53E49B}"
EndProject
Project("{2150E333-8FDC-42A3-9474-1A3956D46DE8}") = "IdentityService", "IdentityService", "{EBF4EF28-4C03-4A24-A630-1AB494DD89C0}"
EndProject
Project("{9A19103F-16F7-4668-BE54-9A1E7A4F7556}") = "IdentityService.Api", "Src\Services\IdentityService\IdentityService.Api\IdentityService.Api.csproj", "{C96218D4-00E2-4B77-AAC1-B2649947B0A3}"
EndProject
Project("{2150E333-8FDC-42A3-9474-1A3956D46DE8}") = "ReportService", "ReportService", "{95C0401F-0386-40EF-8D63-4390F882BB96}"
EndProject
Project("{9A19103F-16F7-4668-BE54-9A1E7A4F7556}") = "ReportService.Api", "Src\Services\ReportSercive\ReportService.Api\ReportService.Api.csproj", "{C5D9FA8A-F84C-4EF8-B057-87C2F754FBB5}"
EndProject
Project("{2150E333-8FDC-42A3-9474-1A3956D46DE8}") = "Solution Items", "Solution Items", "{B035504A-7592-4E4C-B3D1-0ADED30F58D2}"
	ProjectSection(SolutionItems) = preProject
		ServicePorts.txt = ServicePorts.txt
	EndProjectSection
EndProject
Project("{9A19103F-16F7-4668-BE54-9A1E7A4F7556}") = "ReportService.Api.Core", "Src\Services\ReportSercive\ReportService.Api.Core\ReportService.Api.Core.csproj", "{A70F6928-AA3C-4DF0-8ED3-072E6A380BFC}"
EndProject
Project("{9A19103F-16F7-4668-BE54-9A1E7A4F7556}") = "ReportService.Api.Businness", "Src\Services\ReportSercive\ReportService.Api.Businness\ReportService.Api.Businness.csproj", "{15D3594A-F2AD-4F40-9C1F-752912C64E56}"
EndProject
Project("{9A19103F-16F7-4668-BE54-9A1E7A4F7556}") = "ReportService.Api.Data", "Src\Services\ReportSercive\ReportService.Api.Data\ReportService.Api.Data.csproj", "{D32609A7-8411-45FC-9985-7FA6FFB4B083}"
EndProject
Project("{2150E333-8FDC-42A3-9474-1A3956D46DE8}") = "SharedLib", "SharedLib", "{6372E636-25D3-449A-985E-65D478CF56E1}"
EndProject
Project("{9A19103F-16F7-4668-BE54-9A1E7A4F7556}") = "Med.Shared", "Src\SharedLib\Med.Shared\Med.Shared.csproj", "{8FDCA465-FD37-4C8E-B914-16E270640F3C}"
EndProject
Project("{2150E333-8FDC-42A3-9474-1A3956D46DE8}") = "AdminService", "AdminService", "{2FE7E214-792B-427D-ABDE-3565B6CB8D8C}"
EndProject
Project("{2150E333-8FDC-42A3-9474-1A3956D46DE8}") = "DXOperationService", "DXOperationService", "{17DB17CE-4DC3-42C9-B9F5-7BA6FBA098F1}"
EndProject
Project("{9A19103F-16F7-4668-BE54-9A1E7A4F7556}") = "AdminService.Api", "Src\Services\AdminService\AdminService.Api\AdminService.Api.csproj", "{71C9BBC7-EAC8-4BED-8D74-A1B7AE25B74C}"
EndProject
Project("{9A19103F-16F7-4668-BE54-9A1E7A4F7556}") = "DXOperationService.Api", "Src\Services\DXOperationService\DXOperationService.Api\DXOperationService.Api.csproj", "{5DEAD3C7-8878-4429-9A19-764C4AC0BED6}"
EndProject
Project("{9A19103F-16F7-4668-BE54-9A1E7A4F7556}") = "DXOperationService.Api.Business", "Src\Services\DXOperationService\DXOperationService.Api.Business\DXOperationService.Api.Business.csproj", "{512E9D5F-94CB-4E5D-AA2D-B55D72B1733B}"
EndProject
Project("{9A19103F-16F7-4668-BE54-9A1E7A4F7556}") = "DXOperationService.Api.Core", "Src\Services\DXOperationService\DXOperationService.Api.Core\DXOperationService.Api.Core.csproj", "{FA802557-90D5-4D59-B090-6182B75AC0C9}"
EndProject
Project("{9A19103F-16F7-4668-BE54-9A1E7A4F7556}") = "DXOperationService.Api.Data", "Src\Services\DXOperationService\DXOperationService.Api.Data\DXOperationService.Api.Data.csproj", "{EEC10347-EDF9-4DF9-A0B0-8AF89E4658A9}"
EndProject
Project("{9A19103F-16F7-4668-BE54-9A1E7A4F7556}") = "AdminService.Api.Business", "Src\Services\AdminService\AdminService.Api.Business\AdminService.Api.Business.csproj", "{8B440095-19A3-4885-B4DA-30CD4E1E8AE8}"
EndProject
Project("{9A19103F-16F7-4668-BE54-9A1E7A4F7556}") = "AdminService.Api.Core", "Src\Services\AdminService\AdminService.Api.Core\AdminService.Api.Core.csproj", "{1EE7C6C6-D11E-4BCB-A0E7-932DAD292118}"
EndProject
Project("{9A19103F-16F7-4668-BE54-9A1E7A4F7556}") = "AdminService.Api.Data", "Src\Services\AdminService\AdminService.Api.Data\AdminService.Api.Data.csproj", "{07600197-9C5D-4130-BE25-FBDB684FC92D}"
EndProject
Project("{2150E333-8FDC-42A3-9474-1A3956D46DE8}") = "ToDoService", "ToDoService", "{47BD06C4-74EC-4474-B4CE-F9A50380EA54}"
EndProject
Project("{9A19103F-16F7-4668-BE54-9A1E7A4F7556}") = "ToDoService.Api", "Src\Services\ToDoService\ToDoService.Api\ToDoService.Api.csproj", "{904210D8-37F1-4E46-84C4-0A4B72D3909D}"
EndProject
Project("{2150E333-8FDC-42A3-9474-1A3956D46DE8}") = "EvaluationService", "EvaluationService", "{3CD3EA78-4F83-4A7E-9FC0-5FF1AB998701}"
EndProject
Project("{9A19103F-16F7-4668-BE54-9A1E7A4F7556}") = "EvaluationService.Api", "Src\Services\EvaluationService\EvaluationService.Api\EvaluationService.Api.csproj", "{8B69B342-F298-48CD-8040-14406677EDDD}"
EndProject
Project("{E53339B2-1760-4266-BCC7-CA923CBCF16C}") = "docker-compose", "docker-compose.dcproj", "{15E63670-DB4E-49BE-87EB-8C84EE42F275}"
EndProject
Global
	GlobalSection(SolutionConfigurationPlatforms) = preSolution
		Debug|Any CPU = Debug|Any CPU
		Release|Any CPU = Release|Any CPU
	EndGlobalSection
	GlobalSection(ProjectConfigurationPlatforms) = postSolution
		{CBB6CF45-E82A-48DF-884E-D3539F53E49B}.Debug|Any CPU.ActiveCfg = Debug|Any CPU
		{CBB6CF45-E82A-48DF-884E-D3539F53E49B}.Debug|Any CPU.Build.0 = Debug|Any CPU
		{CBB6CF45-E82A-48DF-884E-D3539F53E49B}.Release|Any CPU.ActiveCfg = Release|Any CPU
		{CBB6CF45-E82A-48DF-884E-D3539F53E49B}.Release|Any CPU.Build.0 = Release|Any CPU
		{C96218D4-00E2-4B77-AAC1-B2649947B0A3}.Debug|Any CPU.ActiveCfg = Debug|Any CPU
		{C96218D4-00E2-4B77-AAC1-B2649947B0A3}.Debug|Any CPU.Build.0 = Debug|Any CPU
		{C96218D4-00E2-4B77-AAC1-B2649947B0A3}.Release|Any CPU.ActiveCfg = Release|Any CPU
		{C96218D4-00E2-4B77-AAC1-B2649947B0A3}.Release|Any CPU.Build.0 = Release|Any CPU
		{C5D9FA8A-F84C-4EF8-B057-87C2F754FBB5}.Debug|Any CPU.ActiveCfg = Debug|Any CPU
		{C5D9FA8A-F84C-4EF8-B057-87C2F754FBB5}.Debug|Any CPU.Build.0 = Debug|Any CPU
		{C5D9FA8A-F84C-4EF8-B057-87C2F754FBB5}.Release|Any CPU.ActiveCfg = Release|Any CPU
		{C5D9FA8A-F84C-4EF8-B057-87C2F754FBB5}.Release|Any CPU.Build.0 = Release|Any CPU
		{A70F6928-AA3C-4DF0-8ED3-072E6A380BFC}.Debug|Any CPU.ActiveCfg = Debug|Any CPU
		{A70F6928-AA3C-4DF0-8ED3-072E6A380BFC}.Debug|Any CPU.Build.0 = Debug|Any CPU
		{A70F6928-AA3C-4DF0-8ED3-072E6A380BFC}.Release|Any CPU.ActiveCfg = Release|Any CPU
		{A70F6928-AA3C-4DF0-8ED3-072E6A380BFC}.Release|Any CPU.Build.0 = Release|Any CPU
		{15D3594A-F2AD-4F40-9C1F-752912C64E56}.Debug|Any CPU.ActiveCfg = Debug|Any CPU
		{15D3594A-F2AD-4F40-9C1F-752912C64E56}.Debug|Any CPU.Build.0 = Debug|Any CPU
		{15D3594A-F2AD-4F40-9C1F-752912C64E56}.Release|Any CPU.ActiveCfg = Release|Any CPU
		{15D3594A-F2AD-4F40-9C1F-752912C64E56}.Release|Any CPU.Build.0 = Release|Any CPU
		{D32609A7-8411-45FC-9985-7FA6FFB4B083}.Debug|Any CPU.ActiveCfg = Debug|Any CPU
		{D32609A7-8411-45FC-9985-7FA6FFB4B083}.Debug|Any CPU.Build.0 = Debug|Any CPU
		{D32609A7-8411-45FC-9985-7FA6FFB4B083}.Release|Any CPU.ActiveCfg = Release|Any CPU
		{D32609A7-8411-45FC-9985-7FA6FFB4B083}.Release|Any CPU.Build.0 = Release|Any CPU
		{8FDCA465-FD37-4C8E-B914-16E270640F3C}.Debug|Any CPU.ActiveCfg = Debug|Any CPU
		{8FDCA465-FD37-4C8E-B914-16E270640F3C}.Debug|Any CPU.Build.0 = Debug|Any CPU
		{8FDCA465-FD37-4C8E-B914-16E270640F3C}.Release|Any CPU.ActiveCfg = Release|Any CPU
		{8FDCA465-FD37-4C8E-B914-16E270640F3C}.Release|Any CPU.Build.0 = Release|Any CPU
		{71C9BBC7-EAC8-4BED-8D74-A1B7AE25B74C}.Debug|Any CPU.ActiveCfg = Debug|Any CPU
		{71C9BBC7-EAC8-4BED-8D74-A1B7AE25B74C}.Debug|Any CPU.Build.0 = Debug|Any CPU
		{71C9BBC7-EAC8-4BED-8D74-A1B7AE25B74C}.Release|Any CPU.ActiveCfg = Release|Any CPU
		{71C9BBC7-EAC8-4BED-8D74-A1B7AE25B74C}.Release|Any CPU.Build.0 = Release|Any CPU
		{5DEAD3C7-8878-4429-9A19-764C4AC0BED6}.Debug|Any CPU.ActiveCfg = Debug|Any CPU
		{5DEAD3C7-8878-4429-9A19-764C4AC0BED6}.Debug|Any CPU.Build.0 = Debug|Any CPU
		{5DEAD3C7-8878-4429-9A19-764C4AC0BED6}.Release|Any CPU.ActiveCfg = Release|Any CPU
		{5DEAD3C7-8878-4429-9A19-764C4AC0BED6}.Release|Any CPU.Build.0 = Release|Any CPU
		{512E9D5F-94CB-4E5D-AA2D-B55D72B1733B}.Debug|Any CPU.ActiveCfg = Debug|Any CPU
		{512E9D5F-94CB-4E5D-AA2D-B55D72B1733B}.Debug|Any CPU.Build.0 = Debug|Any CPU
		{512E9D5F-94CB-4E5D-AA2D-B55D72B1733B}.Release|Any CPU.ActiveCfg = Release|Any CPU
		{512E9D5F-94CB-4E5D-AA2D-B55D72B1733B}.Release|Any CPU.Build.0 = Release|Any CPU
		{FA802557-90D5-4D59-B090-6182B75AC0C9}.Debug|Any CPU.ActiveCfg = Debug|Any CPU
		{FA802557-90D5-4D59-B090-6182B75AC0C9}.Debug|Any CPU.Build.0 = Debug|Any CPU
		{FA802557-90D5-4D59-B090-6182B75AC0C9}.Release|Any CPU.ActiveCfg = Release|Any CPU
		{FA802557-90D5-4D59-B090-6182B75AC0C9}.Release|Any CPU.Build.0 = Release|Any CPU
		{EEC10347-EDF9-4DF9-A0B0-8AF89E4658A9}.Debug|Any CPU.ActiveCfg = Debug|Any CPU
		{EEC10347-EDF9-4DF9-A0B0-8AF89E4658A9}.Debug|Any CPU.Build.0 = Debug|Any CPU
		{EEC10347-EDF9-4DF9-A0B0-8AF89E4658A9}.Release|Any CPU.ActiveCfg = Release|Any CPU
		{EEC10347-EDF9-4DF9-A0B0-8AF89E4658A9}.Release|Any CPU.Build.0 = Release|Any CPU
		{8B440095-19A3-4885-B4DA-30CD4E1E8AE8}.Debug|Any CPU.ActiveCfg = Debug|Any CPU
		{8B440095-19A3-4885-B4DA-30CD4E1E8AE8}.Debug|Any CPU.Build.0 = Debug|Any CPU
		{8B440095-19A3-4885-B4DA-30CD4E1E8AE8}.Release|Any CPU.ActiveCfg = Release|Any CPU
		{8B440095-19A3-4885-B4DA-30CD4E1E8AE8}.Release|Any CPU.Build.0 = Release|Any CPU
		{1EE7C6C6-D11E-4BCB-A0E7-932DAD292118}.Debug|Any CPU.ActiveCfg = Debug|Any CPU
		{1EE7C6C6-D11E-4BCB-A0E7-932DAD292118}.Debug|Any CPU.Build.0 = Debug|Any CPU
		{1EE7C6C6-D11E-4BCB-A0E7-932DAD292118}.Release|Any CPU.ActiveCfg = Release|Any CPU
		{1EE7C6C6-D11E-4BCB-A0E7-932DAD292118}.Release|Any CPU.Build.0 = Release|Any CPU
		{07600197-9C5D-4130-BE25-FBDB684FC92D}.Debug|Any CPU.ActiveCfg = Debug|Any CPU
		{07600197-9C5D-4130-BE25-FBDB684FC92D}.Debug|Any CPU.Build.0 = Debug|Any CPU
		{07600197-9C5D-4130-BE25-FBDB684FC92D}.Release|Any CPU.ActiveCfg = Release|Any CPU
		{07600197-9C5D-4130-BE25-FBDB684FC92D}.Release|Any CPU.Build.0 = Release|Any CPU
		{904210D8-37F1-4E46-84C4-0A4B72D3909D}.Debug|Any CPU.ActiveCfg = Debug|Any CPU
		{904210D8-37F1-4E46-84C4-0A4B72D3909D}.Debug|Any CPU.Build.0 = Debug|Any CPU
		{904210D8-37F1-4E46-84C4-0A4B72D3909D}.Release|Any CPU.ActiveCfg = Release|Any CPU
		{904210D8-37F1-4E46-84C4-0A4B72D3909D}.Release|Any CPU.Build.0 = Release|Any CPU
		{8B69B342-F298-48CD-8040-14406677EDDD}.Debug|Any CPU.ActiveCfg = Debug|Any CPU
		{8B69B342-F298-48CD-8040-14406677EDDD}.Debug|Any CPU.Build.0 = Debug|Any CPU
		{8B69B342-F298-48CD-8040-14406677EDDD}.Release|Any CPU.ActiveCfg = Release|Any CPU
		{8B69B342-F298-48CD-8040-14406677EDDD}.Release|Any CPU.Build.0 = Release|Any CPU
		{15E63670-DB4E-49BE-87EB-8C84EE42F275}.Debug|Any CPU.ActiveCfg = Debug|Any CPU
		{15E63670-DB4E-49BE-87EB-8C84EE42F275}.Debug|Any CPU.Build.0 = Debug|Any CPU
		{15E63670-DB4E-49BE-87EB-8C84EE42F275}.Release|Any CPU.ActiveCfg = Release|Any CPU
		{15E63670-DB4E-49BE-87EB-8C84EE42F275}.Release|Any CPU.Build.0 = Release|Any CPU
	EndGlobalSection
	GlobalSection(SolutionProperties) = preSolution
		HideSolutionNode = FALSE
	EndGlobalSection
	GlobalSection(NestedProjects) = preSolution
		{C9A8E369-4952-40A1-BCFC-5A6CC515BB8E} = {211C7C28-03AD-4719-936C-17001F255C66}
		{97798089-4EA3-4EC4-80FE-E4C60DFCD50C} = {211C7C28-03AD-4719-936C-17001F255C66}
		{976A9205-4FB9-41A9-847E-52B69C13DBB9} = {211C7C28-03AD-4719-936C-17001F255C66}
		{CBB6CF45-E82A-48DF-884E-D3539F53E49B} = {C9A8E369-4952-40A1-BCFC-5A6CC515BB8E}
		{EBF4EF28-4C03-4A24-A630-1AB494DD89C0} = {97798089-4EA3-4EC4-80FE-E4C60DFCD50C}
		{C96218D4-00E2-4B77-AAC1-B2649947B0A3} = {EBF4EF28-4C03-4A24-A630-1AB494DD89C0}
		{95C0401F-0386-40EF-8D63-4390F882BB96} = {97798089-4EA3-4EC4-80FE-E4C60DFCD50C}
		{C5D9FA8A-F84C-4EF8-B057-87C2F754FBB5} = {95C0401F-0386-40EF-8D63-4390F882BB96}
		{A70F6928-AA3C-4DF0-8ED3-072E6A380BFC} = {95C0401F-0386-40EF-8D63-4390F882BB96}
		{15D3594A-F2AD-4F40-9C1F-752912C64E56} = {95C0401F-0386-40EF-8D63-4390F882BB96}
		{D32609A7-8411-45FC-9985-7FA6FFB4B083} = {95C0401F-0386-40EF-8D63-4390F882BB96}
		{6372E636-25D3-449A-985E-65D478CF56E1} = {211C7C28-03AD-4719-936C-17001F255C66}
		{8FDCA465-FD37-4C8E-B914-16E270640F3C} = {6372E636-25D3-449A-985E-65D478CF56E1}
		{2FE7E214-792B-427D-ABDE-3565B6CB8D8C} = {97798089-4EA3-4EC4-80FE-E4C60DFCD50C}
		{17DB17CE-4DC3-42C9-B9F5-7BA6FBA098F1} = {97798089-4EA3-4EC4-80FE-E4C60DFCD50C}
		{71C9BBC7-EAC8-4BED-8D74-A1B7AE25B74C} = {2FE7E214-792B-427D-ABDE-3565B6CB8D8C}
		{5DEAD3C7-8878-4429-9A19-764C4AC0BED6} = {17DB17CE-4DC3-42C9-B9F5-7BA6FBA098F1}
		{512E9D5F-94CB-4E5D-AA2D-B55D72B1733B} = {17DB17CE-4DC3-42C9-B9F5-7BA6FBA098F1}
		{FA802557-90D5-4D59-B090-6182B75AC0C9} = {17DB17CE-4DC3-42C9-B9F5-7BA6FBA098F1}
		{EEC10347-EDF9-4DF9-A0B0-8AF89E4658A9} = {17DB17CE-4DC3-42C9-B9F5-7BA6FBA098F1}
		{8B440095-19A3-4885-B4DA-30CD4E1E8AE8} = {2FE7E214-792B-427D-ABDE-3565B6CB8D8C}
		{1EE7C6C6-D11E-4BCB-A0E7-932DAD292118} = {2FE7E214-792B-427D-ABDE-3565B6CB8D8C}
		{07600197-9C5D-4130-BE25-FBDB684FC92D} = {2FE7E214-792B-427D-ABDE-3565B6CB8D8C}
		{47BD06C4-74EC-4474-B4CE-F9A50380EA54} = {97798089-4EA3-4EC4-80FE-E4C60DFCD50C}
		{904210D8-37F1-4E46-84C4-0A4B72D3909D} = {47BD06C4-74EC-4474-B4CE-F9A50380EA54}
		{3CD3EA78-4F83-4A7E-9FC0-5FF1AB998701} = {97798089-4EA3-4EC4-80FE-E4C60DFCD50C}
		{8B69B342-F298-48CD-8040-14406677EDDD} = {3CD3EA78-4F83-4A7E-9FC0-5FF1AB998701}
	EndGlobalSection
	GlobalSection(ExtensibilityGlobals) = postSolution
		SolutionGuid = {67BE33E6-FF27-4191-A797-B85817E3AC95}
	EndGlobalSection
EndGlobal
